
Microsoft Visual Studio Solution File, Format Version 12.00
# Visual Studio Version 17
VisualStudioVersion = 17.5.33530.505
MinimumVisualStudioVersion = 10.0.40219.1
Project("{FAE04EC0-301F-11D3-BF4B-00C04F79EFBC}") = "JwtTok_RefTok", "JwtTok_RefTok\JwtTok_RefTok.csproj", "{4AABABAB-2D77-4F04-9E0B-877687A6E702}"
EndProject
Global
	GlobalSection(SolutionConfigurationPlatforms) = preSolution
		Debug|Any CPU = Debug|Any CPU
		Release|Any CPU = Release|Any CPU
	EndGlobalSection
	GlobalSection(ProjectConfigurationPlatforms) = postSolution
		{4AABABAB-2D77-4F04-9E0B-877687A6E702}.Debug|Any CPU.ActiveCfg = Debug|Any CPU
		{4AABABAB-2D77-4F04-9E0B-877687A6E702}.Debug|Any CPU.Build.0 = Debug|Any CPU
		{4AABABAB-2D77-4F04-9E0B-877687A6E702}.Release|Any CPU.ActiveCfg = Release|Any CPU
		{4AABABAB-2D77-4F04-9E0B-877687A6E702}.Release|Any CPU.Build.0 = Release|Any CPU
	EndGlobalSection
	GlobalSection(SolutionProperties) = preSolution
		HideSolutionNode = FALSE
	EndGlobalSection
	GlobalSection(ExtensibilityGlobals) = postSolution
		SolutionGuid = {09223B64-DD85-4D76-8D62-9BA9D77B6A68}
	EndGlobalSection
EndGlobal
